
Microsoft Visual Studio Solution File, Format Version 12.00
# Visual Studio 15
VisualStudioVersion = 15.0.28307.136
MinimumVisualStudioVersion = 10.0.40219.1
Project("{FAE04EC0-301F-11D3-BF4B-00C04F79EFBC}") = "Day 7 Part 1", "Day 7 Part 1\Day 7 Part 1.csproj", "{EA6641B9-DAF3-4E5A-BED1-A8C6BC344725}"
EndProject
Global
	GlobalSection(SolutionConfigurationPlatforms) = preSolution
		Debug|Any CPU = Debug|Any CPU
		Release|Any CPU = Release|Any CPU
	EndGlobalSection
	GlobalSection(ProjectConfigurationPlatforms) = postSolution
		{EA6641B9-DAF3-4E5A-BED1-A8C6BC344725}.Debug|Any CPU.ActiveCfg = Debug|Any CPU
		{EA6641B9-DAF3-4E5A-BED1-A8C6BC344725}.Debug|Any CPU.Build.0 = Debug|Any CPU
		{EA6641B9-DAF3-4E5A-BED1-A8C6BC344725}.Release|Any CPU.ActiveCfg = Release|Any CPU
		{EA6641B9-DAF3-4E5A-BED1-A8C6BC344725}.Release|Any CPU.Build.0 = Release|Any CPU
	EndGlobalSection
	GlobalSection(SolutionProperties) = preSolution
		HideSolutionNode = FALSE
	EndGlobalSection
	GlobalSection(ExtensibilityGlobals) = postSolution
		SolutionGuid = {46B977A4-DD0F-4293-A622-1338F5B85A7C}
	EndGlobalSection
EndGlobal
