
Microsoft Visual Studio Solution File, Format Version 12.00
# Visual Studio 15
VisualStudioVersion = 15.0.28307.136
MinimumVisualStudioVersion = 10.0.40219.1
Project("{FAE04EC0-301F-11D3-BF4B-00C04F79EFBC}") = "Day 2 Part 1", "Day 2 Part 1\Day 2 Part 1.csproj", "{81271101-C67A-4BFC-94B4-4722BAF6A87E}"
EndProject
Global
	GlobalSection(SolutionConfigurationPlatforms) = preSolution
		Debug|Any CPU = Debug|Any CPU
		Release|Any CPU = Release|Any CPU
	EndGlobalSection
	GlobalSection(ProjectConfigurationPlatforms) = postSolution
		{81271101-C67A-4BFC-94B4-4722BAF6A87E}.Debug|Any CPU.ActiveCfg = Debug|Any CPU
		{81271101-C67A-4BFC-94B4-4722BAF6A87E}.Debug|Any CPU.Build.0 = Debug|Any CPU
		{81271101-C67A-4BFC-94B4-4722BAF6A87E}.Release|Any CPU.ActiveCfg = Release|Any CPU
		{81271101-C67A-4BFC-94B4-4722BAF6A87E}.Release|Any CPU.Build.0 = Release|Any CPU
	EndGlobalSection
	GlobalSection(SolutionProperties) = preSolution
		HideSolutionNode = FALSE
	EndGlobalSection
	GlobalSection(ExtensibilityGlobals) = postSolution
		SolutionGuid = {E3ADB22F-51B0-45CE-A5B8-B32BE15E9663}
	EndGlobalSection
EndGlobal
