
Microsoft Visual Studio Solution File, Format Version 12.00
# Visual Studio 15
VisualStudioVersion = 15.0.28307.136
MinimumVisualStudioVersion = 10.0.40219.1
Project("{FAE04EC0-301F-11D3-BF4B-00C04F79EFBC}") = "Day 5 Part 1", "Day 5 Part 1\Day 5 Part 1.csproj", "{3404F851-E041-4CC7-BA4C-9C13D996CB42}"
EndProject
Global
	GlobalSection(SolutionConfigurationPlatforms) = preSolution
		Debug|Any CPU = Debug|Any CPU
		Release|Any CPU = Release|Any CPU
	EndGlobalSection
	GlobalSection(ProjectConfigurationPlatforms) = postSolution
		{3404F851-E041-4CC7-BA4C-9C13D996CB42}.Debug|Any CPU.ActiveCfg = Debug|Any CPU
		{3404F851-E041-4CC7-BA4C-9C13D996CB42}.Debug|Any CPU.Build.0 = Debug|Any CPU
		{3404F851-E041-4CC7-BA4C-9C13D996CB42}.Release|Any CPU.ActiveCfg = Release|Any CPU
		{3404F851-E041-4CC7-BA4C-9C13D996CB42}.Release|Any CPU.Build.0 = Release|Any CPU
	EndGlobalSection
	GlobalSection(SolutionProperties) = preSolution
		HideSolutionNode = FALSE
	EndGlobalSection
	GlobalSection(ExtensibilityGlobals) = postSolution
		SolutionGuid = {0CFEBA5D-CCF8-4DBC-A38F-6FB61C5581E5}
	EndGlobalSection
EndGlobal
